
Microsoft Visual Studio Solution File, Format Version 12.00
# Visual Studio 2013
VisualStudioVersion = 12.0.21005.1
MinimumVisualStudioVersion = 10.0.40219.1
Project("{FAE04EC0-301F-11D3-BF4B-00C04F79EFBC}") = "PersonalSchoolCard.Data", "PersonalSchoolCard.Data\PersonalSchoolCard.Data.csproj", "{71DFB6E2-0CDE-4CC3-99B2-67E02A610D2D}"
EndProject
Project("{FAE04EC0-301F-11D3-BF4B-00C04F79EFBC}") = "PersonalSchoolCard", "PersonalSchoolCard\PersonalSchoolCard.csproj", "{3CE5C8DC-5465-449C-A539-1617BC555DF1}"
EndProject
Project("{6141683F-8A12-4E36-9623-2EB02B2C2303}") = "PersonalSchoolCardSetup", "..\..\..\SETUP\PersonalSchoolCardSetup\PersonalSchoolCardSetup.isproj", "{243B9045-D3EA-4E20-93C9-C3AAE4737A7C}"
EndProject
Global
	GlobalSection(SolutionConfigurationPlatforms) = preSolution
		CD_ROM|Any CPU = CD_ROM|Any CPU
		CD_ROM|Mixed Platforms = CD_ROM|Mixed Platforms
		CD_ROM|x86 = CD_ROM|x86
		Debug|Any CPU = Debug|Any CPU
		Debug|Mixed Platforms = Debug|Mixed Platforms
		Debug|x86 = Debug|x86
		DVD-5|Any CPU = DVD-5|Any CPU
		DVD-5|Mixed Platforms = DVD-5|Mixed Platforms
		DVD-5|x86 = DVD-5|x86
		Release|Any CPU = Release|Any CPU
		Release|Mixed Platforms = Release|Mixed Platforms
		Release|x86 = Release|x86
		SingleImage|Any CPU = SingleImage|Any CPU
		SingleImage|Mixed Platforms = SingleImage|Mixed Platforms
		SingleImage|x86 = SingleImage|x86
	EndGlobalSection
	GlobalSection(ProjectConfigurationPlatforms) = postSolution
		{71DFB6E2-0CDE-4CC3-99B2-67E02A610D2D}.CD_ROM|Any CPU.ActiveCfg = Release|Any CPU
		{71DFB6E2-0CDE-4CC3-99B2-67E02A610D2D}.CD_ROM|Any CPU.Build.0 = Release|Any CPU
		{71DFB6E2-0CDE-4CC3-99B2-67E02A610D2D}.CD_ROM|Mixed Platforms.ActiveCfg = Debug|Any CPU
		{71DFB6E2-0CDE-4CC3-99B2-67E02A610D2D}.CD_ROM|Mixed Platforms.Build.0 = Debug|Any CPU
		{71DFB6E2-0CDE-4CC3-99B2-67E02A610D2D}.CD_ROM|x86.ActiveCfg = Debug|Any CPU
		{71DFB6E2-0CDE-4CC3-99B2-67E02A610D2D}.Debug|Any CPU.ActiveCfg = Debug|Any CPU
		{71DFB6E2-0CDE-4CC3-99B2-67E02A610D2D}.Debug|Any CPU.Build.0 = Debug|Any CPU
		{71DFB6E2-0CDE-4CC3-99B2-67E02A610D2D}.Debug|Mixed Platforms.ActiveCfg = Debug|Any CPU
		{71DFB6E2-0CDE-4CC3-99B2-67E02A610D2D}.Debug|Mixed Platforms.Build.0 = Debug|Any CPU
		{71DFB6E2-0CDE-4CC3-99B2-67E02A610D2D}.Debug|x86.ActiveCfg = Debug|Any CPU
		{71DFB6E2-0CDE-4CC3-99B2-67E02A610D2D}.DVD-5|Any CPU.ActiveCfg = Debug|Any CPU
		{71DFB6E2-0CDE-4CC3-99B2-67E02A610D2D}.DVD-5|Any CPU.Build.0 = Debug|Any CPU
		{71DFB6E2-0CDE-4CC3-99B2-67E02A610D2D}.DVD-5|Mixed Platforms.ActiveCfg = Debug|Any CPU
		{71DFB6E2-0CDE-4CC3-99B2-67E02A610D2D}.DVD-5|Mixed Platforms.Build.0 = Debug|Any CPU
		{71DFB6E2-0CDE-4CC3-99B2-67E02A610D2D}.DVD-5|x86.ActiveCfg = Debug|Any CPU
		{71DFB6E2-0CDE-4CC3-99B2-67E02A610D2D}.Release|Any CPU.ActiveCfg = Release|Any CPU
		{71DFB6E2-0CDE-4CC3-99B2-67E02A610D2D}.Release|Any CPU.Build.0 = Release|Any CPU
		{71DFB6E2-0CDE-4CC3-99B2-67E02A610D2D}.Release|Mixed Platforms.ActiveCfg = Release|Any CPU
		{71DFB6E2-0CDE-4CC3-99B2-67E02A610D2D}.Release|Mixed Platforms.Build.0 = Release|Any CPU
		{71DFB6E2-0CDE-4CC3-99B2-67E02A610D2D}.Release|x86.ActiveCfg = Release|Any CPU
		{71DFB6E2-0CDE-4CC3-99B2-67E02A610D2D}.SingleImage|Any CPU.ActiveCfg = Release|Any CPU
		{71DFB6E2-0CDE-4CC3-99B2-67E02A610D2D}.SingleImage|Any CPU.Build.0 = Release|Any CPU
		{71DFB6E2-0CDE-4CC3-99B2-67E02A610D2D}.SingleImage|Mixed Platforms.ActiveCfg = Debug|Any CPU
		{71DFB6E2-0CDE-4CC3-99B2-67E02A610D2D}.SingleImage|Mixed Platforms.Build.0 = Debug|Any CPU
		{71DFB6E2-0CDE-4CC3-99B2-67E02A610D2D}.SingleImage|x86.ActiveCfg = Debug|Any CPU
		{3CE5C8DC-5465-449C-A539-1617BC555DF1}.CD_ROM|Any CPU.ActiveCfg = Release|Any CPU
		{3CE5C8DC-5465-449C-A539-1617BC555DF1}.CD_ROM|Any CPU.Build.0 = Release|Any CPU
		{3CE5C8DC-5465-449C-A539-1617BC555DF1}.CD_ROM|Mixed Platforms.ActiveCfg = Debug|Any CPU
		{3CE5C8DC-5465-449C-A539-1617BC555DF1}.CD_ROM|Mixed Platforms.Build.0 = Debug|Any CPU
		{3CE5C8DC-5465-449C-A539-1617BC555DF1}.CD_ROM|x86.ActiveCfg = Debug|Any CPU
		{3CE5C8DC-5465-449C-A539-1617BC555DF1}.Debug|Any CPU.ActiveCfg = Debug|Any CPU
		{3CE5C8DC-5465-449C-A539-1617BC555DF1}.Debug|Any CPU.Build.0 = Debug|Any CPU
		{3CE5C8DC-5465-449C-A539-1617BC555DF1}.Debug|Mixed Platforms.ActiveCfg = Debug|Any CPU
		{3CE5C8DC-5465-449C-A539-1617BC555DF1}.Debug|Mixed Platforms.Build.0 = Debug|Any CPU
		{3CE5C8DC-5465-449C-A539-1617BC555DF1}.Debug|x86.ActiveCfg = Debug|Any CPU
		{3CE5C8DC-5465-449C-A539-1617BC555DF1}.DVD-5|Any CPU.ActiveCfg = Debug|Any CPU
		{3CE5C8DC-5465-449C-A539-1617BC555DF1}.DVD-5|Any CPU.Build.0 = Debug|Any CPU
		{3CE5C8DC-5465-449C-A539-1617BC555DF1}.DVD-5|Mixed Platforms.ActiveCfg = Debug|Any CPU
		{3CE5C8DC-5465-449C-A539-1617BC555DF1}.DVD-5|Mixed Platforms.Build.0 = Debug|Any CPU
		{3CE5C8DC-5465-449C-A539-1617BC555DF1}.DVD-5|x86.ActiveCfg = Debug|Any CPU
		{3CE5C8DC-5465-449C-A539-1617BC555DF1}.Release|Any CPU.ActiveCfg = Release|Any CPU
		{3CE5C8DC-5465-449C-A539-1617BC555DF1}.Release|Any CPU.Build.0 = Release|Any CPU
		{3CE5C8DC-5465-449C-A539-1617BC555DF1}.Release|Mixed Platforms.ActiveCfg = Release|Any CPU
		{3CE5C8DC-5465-449C-A539-1617BC555DF1}.Release|Mixed Platforms.Build.0 = Release|Any CPU
		{3CE5C8DC-5465-449C-A539-1617BC555DF1}.Release|x86.ActiveCfg = Release|Any CPU
		{3CE5C8DC-5465-449C-A539-1617BC555DF1}.SingleImage|Any CPU.ActiveCfg = Release|Any CPU
		{3CE5C8DC-5465-449C-A539-1617BC555DF1}.SingleImage|Any CPU.Build.0 = Release|Any CPU
		{3CE5C8DC-5465-449C-A539-1617BC555DF1}.SingleImage|Mixed Platforms.ActiveCfg = Debug|Any CPU
		{3CE5C8DC-5465-449C-A539-1617BC555DF1}.SingleImage|Mixed Platforms.Build.0 = Debug|Any CPU
		{3CE5C8DC-5465-449C-A539-1617BC555DF1}.SingleImage|x86.ActiveCfg = Debug|Any CPU
		{243B9045-D3EA-4E20-93C9-C3AAE4737A7C}.CD_ROM|Any CPU.ActiveCfg = CD_ROM
		{243B9045-D3EA-4E20-93C9-C3AAE4737A7C}.CD_ROM|Any CPU.Build.0 = CD_ROM
		{243B9045-D3EA-4E20-93C9-C3AAE4737A7C}.CD_ROM|Mixed Platforms.ActiveCfg = CD_ROM
		{243B9045-D3EA-4E20-93C9-C3AAE4737A7C}.CD_ROM|Mixed Platforms.Build.0 = CD_ROM
		{243B9045-D3EA-4E20-93C9-C3AAE4737A7C}.CD_ROM|x86.ActiveCfg = CD_ROM
		{243B9045-D3EA-4E20-93C9-C3AAE4737A7C}.CD_ROM|x86.Build.0 = CD_ROM
		{243B9045-D3EA-4E20-93C9-C3AAE4737A7C}.Debug|Any CPU.ActiveCfg = DVD-5
		{243B9045-D3EA-4E20-93C9-C3AAE4737A7C}.Debug|Any CPU.Build.0 = DVD-5
		{243B9045-D3EA-4E20-93C9-C3AAE4737A7C}.Debug|Mixed Platforms.ActiveCfg = DVD-5
		{243B9045-D3EA-4E20-93C9-C3AAE4737A7C}.Debug|Mixed Platforms.Build.0 = DVD-5
		{243B9045-D3EA-4E20-93C9-C3AAE4737A7C}.Debug|x86.ActiveCfg = DVD-5
		{243B9045-D3EA-4E20-93C9-C3AAE4737A7C}.Debug|x86.Build.0 = DVD-5
		{243B9045-D3EA-4E20-93C9-C3AAE4737A7C}.DVD-5|Any CPU.ActiveCfg = DVD-5
		{243B9045-D3EA-4E20-93C9-C3AAE4737A7C}.DVD-5|Any CPU.Build.0 = DVD-5
		{243B9045-D3EA-4E20-93C9-C3AAE4737A7C}.DVD-5|Mixed Platforms.ActiveCfg = DVD-5
		{243B9045-D3EA-4E20-93C9-C3AAE4737A7C}.DVD-5|Mixed Platforms.Build.0 = DVD-5
		{243B9045-D3EA-4E20-93C9-C3AAE4737A7C}.DVD-5|x86.ActiveCfg = DVD-5
		{243B9045-D3EA-4E20-93C9-C3AAE4737A7C}.DVD-5|x86.Build.0 = DVD-5
		{243B9045-D3EA-4E20-93C9-C3AAE4737A7C}.Release|Any CPU.ActiveCfg = SingleImage
		{243B9045-D3EA-4E20-93C9-C3AAE4737A7C}.Release|Any CPU.Build.0 = SingleImage
		{243B9045-D3EA-4E20-93C9-C3AAE4737A7C}.Release|Mixed Platforms.ActiveCfg = SingleImage
		{243B9045-D3EA-4E20-93C9-C3AAE4737A7C}.Release|Mixed Platforms.Build.0 = SingleImage
		{243B9045-D3EA-4E20-93C9-C3AAE4737A7C}.Release|x86.ActiveCfg = SingleImage
		{243B9045-D3EA-4E20-93C9-C3AAE4737A7C}.Release|x86.Build.0 = SingleImage
		{243B9045-D3EA-4E20-93C9-C3AAE4737A7C}.SingleImage|Any CPU.ActiveCfg = SingleImage
		{243B9045-D3EA-4E20-93C9-C3AAE4737A7C}.SingleImage|Any CPU.Build.0 = SingleImage
		{243B9045-D3EA-4E20-93C9-C3AAE4737A7C}.SingleImage|Mixed Platforms.ActiveCfg = SingleImage
		{243B9045-D3EA-4E20-93C9-C3AAE4737A7C}.SingleImage|Mixed Platforms.Build.0 = SingleImage
		{243B9045-D3EA-4E20-93C9-C3AAE4737A7C}.SingleImage|x86.ActiveCfg = SingleImage
		{243B9045-D3EA-4E20-93C9-C3AAE4737A7C}.SingleImage|x86.Build.0 = SingleImage
	EndGlobalSection
	GlobalSection(SolutionProperties) = preSolution
		HideSolutionNode = FALSE
	EndGlobalSection
EndGlobal
